// !$*UTF8*$!
{
	archiveVersion = 1;
	classes = {
	};
	objectVersion = 56;
	objects = {

/* Begin PBXBuildFile section */
		187EBE63293DFA69006235FE /* AppDelegate.swift in Sources */ = {isa = PBXBuildFile; fileRef = 187EBE62293DFA69006235FE /* AppDelegate.swift */; };
		187EBE65293DFA69006235FE /* SceneDelegate.swift in Sources */ = {isa = PBXBuildFile; fileRef = 187EBE64293DFA69006235FE /* SceneDelegate.swift */; };
		187EBE67293DFA69006235FE /* OnboardingViewController.swift in Sources */ = {isa = PBXBuildFile; fileRef = 187EBE66293DFA69006235FE /* OnboardingViewController.swift */; };
		187EBE6C293DFA6E006235FE /* Assets.xcassets in Resources */ = {isa = PBXBuildFile; fileRef = 187EBE6B293DFA6E006235FE /* Assets.xcassets */; };
		187EBE6F293DFA6E006235FE /* LaunchScreen.storyboard in Resources */ = {isa = PBXBuildFile; fileRef = 187EBE6D293DFA6E006235FE /* LaunchScreen.storyboard */; };
		187EBE7C293DFE4A006235FE /* ViewControllerOne.swift in Sources */ = {isa = PBXBuildFile; fileRef = 187EBE7B293DFE4A006235FE /* ViewControllerOne.swift */; };
		187EBE7E293DFE63006235FE /* ViewControllerTwo.swift in Sources */ = {isa = PBXBuildFile; fileRef = 187EBE7D293DFE63006235FE /* ViewControllerTwo.swift */; };
		187EBE80293DFE7A006235FE /* ViewControllerThree.swift in Sources */ = {isa = PBXBuildFile; fileRef = 187EBE7F293DFE7A006235FE /* ViewControllerThree.swift */; };
/* End PBXBuildFile section */

/* Begin PBXFileReference section */
		187EBE5F293DFA69006235FE /* OnboardingTest.app */ = {isa = PBXFileReference; explicitFileType = wrapper.application; includeInIndex = 0; path = OnboardingTest.app; sourceTree = BUILT_PRODUCTS_DIR; };
		187EBE62293DFA69006235FE /* AppDelegate.swift */ = {isa = PBXFileReference; lastKnownFileType = sourcecode.swift; path = AppDelegate.swift; sourceTree = "<group>"; };
		187EBE64293DFA69006235FE /* SceneDelegate.swift */ = {isa = PBXFileReference; lastKnownFileType = sourcecode.swift; path = SceneDelegate.swift; sourceTree = "<group>"; };
		187EBE66293DFA69006235FE /* OnboardingViewController.swift */ = {isa = PBXFileReference; lastKnownFileType = sourcecode.swift; path = OnboardingViewController.swift; sourceTree = "<group>"; };
		187EBE6B293DFA6E006235FE /* Assets.xcassets */ = {isa = PBXFileReference; lastKnownFileType = folder.assetcatalog; path = Assets.xcassets; sourceTree = "<group>"; };
		187EBE6E293DFA6E006235FE /* Base */ = {isa = PBXFileReference; lastKnownFileType = file.storyboard; name = Base; path = Base.lproj/LaunchScreen.storyboard; sourceTree = "<group>"; };
		187EBE70293DFA6E006235FE /* Info.plist */ = {isa = PBXFileReference; lastKnownFileType = text.plist.xml; path = Info.plist; sourceTree = "<group>"; };
		187EBE7B293DFE4A006235FE /* ViewControllerOne.swift */ = {isa = PBXFileReference; lastKnownFileType = sourcecode.swift; path = ViewControllerOne.swift; sourceTree = "<group>"; };
		187EBE7D293DFE63006235FE /* ViewControllerTwo.swift */ = {isa = PBXFileReference; lastKnownFileType = sourcecode.swift; path = ViewControllerTwo.swift; sourceTree = "<group>"; };
		187EBE7F293DFE7A006235FE /* ViewControllerThree.swift */ = {isa = PBXFileReference; lastKnownFileType = sourcecode.swift; path = ViewControllerThree.swift; sourceTree = "<group>"; };
/* End PBXFileReference section */

/* Begin PBXFrameworksBuildPhase section */
		187EBE5C293DFA69006235FE /* Frameworks */ = {
			isa = PBXFrameworksBuildPhase;
			buildActionMask = 2147483647;
			files = (
			);
			runOnlyForDeploymentPostprocessing = 0;
		};
/* End PBXFrameworksBuildPhase section */

/* Begin PBXGroup section */
		187EBE56293DFA69006235FE = {
			isa = PBXGroup;
			children = (
				187EBE61293DFA69006235FE /* OnboardingTest */,
				187EBE60293DFA69006235FE /* Products */,
			);
			sourceTree = "<group>";
		};
		187EBE60293DFA69006235FE /* Products */ = {
			isa = PBXGroup;
			children = (
				187EBE5F293DFA69006235FE /* OnboardingTest.app */,
			);
			name = Products;
			sourceTree = "<group>";
		};
		187EBE61293DFA69006235FE /* OnboardingTest */ = {
			isa = PBXGroup;
			children = (
				187EBE77293DFBD5006235FE /* App */,
				187EBE76293DFBC9006235FE /* FIles */,
				187EBE78293DFBE2006235FE /* Modules */,
			);
			path = OnboardingTest;
			sourceTree = "<group>";
		};
		187EBE76293DFBC9006235FE /* FIles */ = {
			isa = PBXGroup;
			children = (
				187EBE6B293DFA6E006235FE /* Assets.xcassets */,
				187EBE6D293DFA6E006235FE /* LaunchScreen.storyboard */,
				187EBE70293DFA6E006235FE /* Info.plist */,
			);
			path = FIles;
			sourceTree = "<group>";
		};
		187EBE77293DFBD5006235FE /* App */ = {
			isa = PBXGroup;
			children = (
				187EBE62293DFA69006235FE /* AppDelegate.swift */,
				187EBE64293DFA69006235FE /* SceneDelegate.swift */,
			);
			path = App;
			sourceTree = "<group>";
		};
		187EBE78293DFBE2006235FE /* Modules */ = {
			isa = PBXGroup;
			children = (
				187EBE79293DFBF1006235FE /* Onboarding */,
			);
			path = Modules;
			sourceTree = "<group>";
		};
		187EBE79293DFBF1006235FE /* Onboarding */ = {
			isa = PBXGroup;
			children = (
				187EBE7A293DFE30006235FE /* PagesViewController */,
				187EBE66293DFA69006235FE /* OnboardingViewController.swift */,
			);
			path = Onboarding;
			sourceTree = "<group>";
		};
		187EBE7A293DFE30006235FE /* PagesViewController */ = {
			isa = PBXGroup;
			children = (
				187EBE7B293DFE4A006235FE /* ViewControllerOne.swift */,
				187EBE7D293DFE63006235FE /* ViewControllerTwo.swift */,
				187EBE7F293DFE7A006235FE /* ViewControllerThree.swift */,
			);
			path = PagesViewController;
			sourceTree = "<group>";
		};
/* End PBXGroup section */

/* Begin PBXNativeTarget section */
		187EBE5E293DFA69006235FE /* OnboardingTest */ = {
			isa = PBXNativeTarget;
			buildConfigurationList = 187EBE73293DFA6E006235FE /* Build configuration list for PBXNativeTarget "OnboardingTest" */;
			buildPhases = (
				187EBE5B293DFA69006235FE /* Sources */,
				187EBE5C293DFA69006235FE /* Frameworks */,
				187EBE5D293DFA69006235FE /* Resources */,
			);
			buildRules = (
			);
			dependencies = (
			);
			name = OnboardingTest;
			productName = OnboardingTest;
			productReference = 187EBE5F293DFA69006235FE /* OnboardingTest.app */;
			productType = "com.apple.product-type.application";
		};
/* End PBXNativeTarget section */

/* Begin PBXProject section */
		187EBE57293DFA69006235FE /* Project object */ = {
			isa = PBXProject;
			attributes = {
				BuildIndependentTargetsInParallel = 1;
				LastSwiftUpdateCheck = 1410;
				LastUpgradeCheck = 1410;
				TargetAttributes = {
					187EBE5E293DFA69006235FE = {
						CreatedOnToolsVersion = 14.1;
					};
				};
			};
			buildConfigurationList = 187EBE5A293DFA69006235FE /* Build configuration list for PBXProject "OnboardingTest" */;
			compatibilityVersion = "Xcode 14.0";
			developmentRegion = en;
			hasScannedForEncodings = 0;
			knownRegions = (
				en,
				Base,
			);
			mainGroup = 187EBE56293DFA69006235FE;
			productRefGroup = 187EBE60293DFA69006235FE /* Products */;
			projectDirPath = "";
			projectRoot = "";
			targets = (
				187EBE5E293DFA69006235FE /* OnboardingTest */,
			);
		};
/* End PBXProject section */

/* Begin PBXResourcesBuildPhase section */
		187EBE5D293DFA69006235FE /* Resources */ = {
			isa = PBXResourcesBuildPhase;
			buildActionMask = 2147483647;
			files = (
				187EBE6F293DFA6E006235FE /* LaunchScreen.storyboard in Resources */,
				187EBE6C293DFA6E006235FE /* Assets.xcassets in Resources */,
			);
			runOnlyForDeploymentPostprocessing = 0;
		};
/* End PBXResourcesBuildPhase section */

/* Begin PBXSourcesBuildPhase section */
		187EBE5B293DFA69006235FE /* Sources */ = {
			isa = PBXSourcesBuildPhase;
			buildActionMask = 2147483647;
			files = (
				187EBE7E293DFE63006235FE /* ViewControllerTwo.swift in Sources */,
				187EBE80293DFE7A006235FE /* ViewControllerThree.swift in Sources */,
				187EBE67293DFA69006235FE /* OnboardingViewController.swift in Sources */,
				187EBE63293DFA69006235FE /* AppDelegate.swift in Sources */,
				187EBE65293DFA69006235FE /* SceneDelegate.swift in Sources */,
				187EBE7C293DFE4A006235FE /* ViewControllerOne.swift in Sources */,
			);
			runOnlyForDeploymentPostprocessing = 0;
		};
/* End PBXSourcesBuildPhase section */

/* Begin PBXVariantGroup section */
		187EBE6D293DFA6E006235FE /* LaunchScreen.storyboard */ = {
			isa = PBXVariantGroup;
			children = (
				187EBE6E293DFA6E006235FE /* Base */,
			);
			name = LaunchScreen.storyboard;
			sourceTree = "<group>";
		};
/* End PBXVariantGroup section */

/* Begin XCBuildConfiguration section */
		187EBE71293DFA6E006235FE /* Debug */ = {
			isa = XCBuildConfiguration;
			buildSettings = {
				ALWAYS_SEARCH_USER_PATHS = NO;
				CLANG_ANALYZER_NONNULL = YES;
				CLANG_ANALYZER_NUMBER_OBJECT_CONVERSION = YES_AGGRESSIVE;
				CLANG_CXX_LANGUAGE_STANDARD = "gnu++20";
				CLANG_ENABLE_MODULES = YES;
				CLANG_ENABLE_OBJC_ARC = YES;
				CLANG_ENABLE_OBJC_WEAK = YES;
				CLANG_WARN_BLOCK_CAPTURE_AUTORELEASING = YES;
				CLANG_WARN_BOOL_CONVERSION = YES;
				CLANG_WARN_COMMA = YES;
				CLANG_WARN_CONSTANT_CONVERSION = YES;
				CLANG_WARN_DEPRECATED_OBJC_IMPLEMENTATIONS = YES;
				CLANG_WARN_DIRECT_OBJC_ISA_USAGE = YES_ERROR;
				CLANG_WARN_DOCUMENTATION_COMMENTS = YES;
				CLANG_WARN_EMPTY_BODY = YES;
				CLANG_WARN_ENUM_CONVERSION = YES;
				CLANG_WARN_INFINITE_RECURSION = YES;
				CLANG_WARN_INT_CONVERSION = YES;
				CLANG_WARN_NON_LITERAL_NULL_CONVERSION = YES;
				CLANG_WARN_OBJC_IMPLICIT_RETAIN_SELF = YES;
				CLANG_WARN_OBJC_LITERAL_CONVERSION = YES;
				CLANG_WARN_OBJC_ROOT_CLASS = YES_ERROR;
				CLANG_WARN_QUOTED_INCLUDE_IN_FRAMEWORK_HEADER = YES;
				CLANG_WARN_RANGE_LOOP_ANALYSIS = YES;
				CLANG_WARN_STRICT_PROTOTYPES = YES;
				CLANG_WARN_SUSPICIOUS_MOVE = YES;
				CLANG_WARN_UNGUARDED_AVAILABILITY = YES_AGGRESSIVE;
				CLANG_WARN_UNREACHABLE_CODE = YES;
				CLANG_WARN__DUPLICATE_METHOD_MATCH = YES;
				COPY_PHASE_STRIP = NO;
				DEBUG_INFORMATION_FORMAT = dwarf;
				ENABLE_STRICT_OBJC_MSGSEND = YES;
				ENABLE_TESTABILITY = YES;
				GCC_C_LANGUAGE_STANDARD = gnu11;
				GCC_DYNAMIC_NO_PIC = NO;
				GCC_NO_COMMON_BLOCKS = YES;
				GCC_OPTIMIZATION_LEVEL = 0;
				GCC_PREPROCESSOR_DEFINITIONS = (
					"DEBUG=1",
					"$(inherited)",
				);
				GCC_WARN_64_TO_32_BIT_CONVERSION = YES;
				GCC_WARN_ABOUT_RETURN_TYPE = YES_ERROR;
				GCC_WARN_UNDECLARED_SELECTOR = YES;
				GCC_WARN_UNINITIALIZED_AUTOS = YES_AGGRESSIVE;
				GCC_WARN_UNUSED_FUNCTION = YES;
				GCC_WARN_UNUSED_VARIABLE = YES;
				IPHONEOS_DEPLOYMENT_TARGET = 16.1;
				MTL_ENABLE_DEBUG_INFO = INCLUDE_SOURCE;
				MTL_FAST_MATH = YES;
				ONLY_ACTIVE_ARCH = YES;
				SDKROOT = iphoneos;
				SWIFT_ACTIVE_COMPILATION_CONDITIONS = DEBUG;
				SWIFT_OPTIMIZATION_LEVEL = "-Onone";
			};
			name = Debug;
		};
		187EBE72293DFA6E006235FE /* Release */ = {
			isa = XCBuildConfiguration;
			buildSettings = {
				ALWAYS_SEARCH_USER_PATHS = NO;
				CLANG_ANALYZER_NONNULL = YES;
				CLANG_ANALYZER_NUMBER_OBJECT_CONVERSION = YES_AGGRESSIVE;
				CLANG_CXX_LANGUAGE_STANDARD = "gnu++20";
				CLANG_ENABLE_MODULES = YES;
				CLANG_ENABLE_OBJC_ARC = YES;
				CLANG_ENABLE_OBJC_WEAK = YES;
				CLANG_WARN_BLOCK_CAPTURE_AUTORELEASING = YES;
				CLANG_WARN_BOOL_CONVERSION = YES;
				CLANG_WARN_COMMA = YES;
				CLANG_WARN_CONSTANT_CONVERSION = YES;
				CLANG_WARN_DEPRECATED_OBJC_IMPLEMENTATIONS = YES;
				CLANG_WARN_DIRECT_OBJC_ISA_USAGE = YES_ERROR;
				CLANG_WARN_DOCUMENTATION_COMMENTS = YES;
				CLANG_WARN_EMPTY_BODY = YES;
				CLANG_WARN_ENUM_CONVERSION = YES;
				CLANG_WARN_INFINITE_RECURSION = YES;
				CLANG_WARN_INT_CONVERSION = YES;
				CLANG_WARN_NON_LITERAL_NULL_CONVERSION = YES;
				CLANG_WARN_OBJC_IMPLICIT_RETAIN_SELF = YES;
				CLANG_WARN_OBJC_LITERAL_CONVERSION = YES;
				CLANG_WARN_OBJC_ROOT_CLASS = YES_ERROR;
				CLANG_WARN_QUOTED_INCLUDE_IN_FRAMEWORK_HEADER = YES;
				CLANG_WARN_RANGE_LOOP_ANALYSIS = YES;
				CLANG_WARN_STRICT_PROTOTYPES = YES;
				CLANG_WARN_SUSPICIOUS_MOVE = YES;
				CLANG_WARN_UNGUARDED_AVAILABILITY = YES_AGGRESSIVE;
				CLANG_WARN_UNREACHABLE_CODE = YES;
				CLANG_WARN__DUPLICATE_METHOD_MATCH = YES;
				COPY_PHASE_STRIP = NO;
				DEBUG_INFORMATION_FORMAT = "dwarf-with-dsym";
				ENABLE_NS_ASSERTIONS = NO;
				ENABLE_STRICT_OBJC_MSGSEND = YES;
				GCC_C_LANGUAGE_STANDARD = gnu11;
				GCC_NO_COMMON_BLOCKS = YES;
				GCC_WARN_64_TO_32_BIT_CONVERSION = YES;
				GCC_WARN_ABOUT_RETURN_TYPE = YES_ERROR;
				GCC_WARN_UNDECLARED_SELECTOR = YES;
				GCC_WARN_UNINITIALIZED_AUTOS = YES_AGGRESSIVE;
				GCC_WARN_UNUSED_FUNCTION = YES;
				GCC_WARN_UNUSED_VARIABLE = YES;
				IPHONEOS_DEPLOYMENT_TARGET = 16.1;
				MTL_ENABLE_DEBUG_INFO = NO;
				MTL_FAST_MATH = YES;
				SDKROOT = iphoneos;
				SWIFT_COMPILATION_MODE = wholemodule;
				SWIFT_OPTIMIZATION_LEVEL = "-O";
				VALIDATE_PRODUCT = YES;
			};
			name = Release;
		};
		187EBE74293DFA6E006235FE /* Debug */ = {
			isa = XCBuildConfiguration;
			buildSettings = {
				ASSETCATALOG_COMPILER_APPICON_NAME = AppIcon;
				ASSETCATALOG_COMPILER_GLOBAL_ACCENT_COLOR_NAME = AccentColor;
				CODE_SIGN_STYLE = Automatic;
				CURRENT_PROJECT_VERSION = 1;
				GENERATE_INFOPLIST_FILE = YES;
				INFOPLIST_FILE = OnboardingTest/Files/Info.plist;
				INFOPLIST_KEY_UIApplicationSupportsIndirectInputEvents = YES;
				INFOPLIST_KEY_UILaunchStoryboardName = LaunchScreen;
				INFOPLIST_KEY_UISupportedInterfaceOrientations_iPad = "UIInterfaceOrientationPortrait UIInterfaceOrientationPortraitUpsideDown UIInterfaceOrientationLandscapeLeft UIInterfaceOrientationLandscapeRight";
				INFOPLIST_KEY_UISupportedInterfaceOrientations_iPhone = "UIInterfaceOrientationPortrait UIInterfaceOrientationLandscapeLeft UIInterfaceOrientationLandscapeRight";
				LD_RUNPATH_SEARCH_PATHS = (
					"$(inherited)",
					"@executable_path/Frameworks",
				);
				MARKETING_VERSION = 1.0;
				PRODUCT_BUNDLE_IDENTIFIER = max.dev.OnboardingTest;
				PRODUCT_NAME = "$(TARGET_NAME)";
				SWIFT_EMIT_LOC_STRINGS = YES;
				SWIFT_VERSION = 5.0;
				TARGETED_DEVICE_FAMILY = "1,2";
			};
			name = Debug;
		};
		187EBE75293DFA6E006235FE /* Release */ = {
			isa = XCBuildConfiguration;
			buildSettings = {
				ASSETCATALOG_COMPILER_APPICON_NAME = AppIcon;
				ASSETCATALOG_COMPILER_GLOBAL_ACCENT_COLOR_NAME = AccentColor;
				CODE_SIGN_STYLE = Automatic;
				CURRENT_PROJECT_VERSION = 1;
				GENERATE_INFOPLIST_FILE = YES;
				INFOPLIST_FILE = OnboardingTest/Files/Info.plist;
				INFOPLIST_KEY_UIApplicationSupportsIndirectInputEvents = YES;
				INFOPLIST_KEY_UILaunchStoryboardName = LaunchScreen;
				INFOPLIST_KEY_UISupportedInterfaceOrientations_iPad = "UIInterfaceOrientationPortrait UIInterfaceOrientationPortraitUpsideDown UIInterfaceOrientationLandscapeLeft UIInterfaceOrientationLandscapeRight";
				INFOPLIST_KEY_UISupportedInterfaceOrientations_iPhone = "UIInterfaceOrientationPortrait UIInterfaceOrientationLandscapeLeft UIInterfaceOrientationLandscapeRight";
				LD_RUNPATH_SEARCH_PATHS = (
					"$(inherited)",
					"@executable_path/Frameworks",
				);
				MARKETING_VERSION = 1.0;
				PRODUCT_BUNDLE_IDENTIFIER = max.dev.OnboardingTest;
				PRODUCT_NAME = "$(TARGET_NAME)";
				SWIFT_EMIT_LOC_STRINGS = YES;
				SWIFT_VERSION = 5.0;
				TARGETED_DEVICE_FAMILY = "1,2";
			};
			name = Release;
		};
/* End XCBuildConfiguration section */

/* Begin XCConfigurationList section */
		187EBE5A293DFA69006235FE /* Build configuration list for PBXProject "OnboardingTest" */ = {
			isa = XCConfigurationList;
			buildConfigurations = (
				187EBE71293DFA6E006235FE /* Debug */,
				187EBE72293DFA6E006235FE /* Release */,
			);
			defaultConfigurationIsVisible = 0;
			defaultConfigurationName = Release;
		};
		187EBE73293DFA6E006235FE /* Build configuration list for PBXNativeTarget "OnboardingTest" */ = {
			isa = XCConfigurationList;
			buildConfigurations = (
				187EBE74293DFA6E006235FE /* Debug */,
				187EBE75293DFA6E006235FE /* Release */,
			);
			defaultConfigurationIsVisible = 0;
			defaultConfigurationName = Release;
		};
/* End XCConfigurationList section */
	};
	rootObject = 187EBE57293DFA69006235FE /* Project object */;
}
